// !$*UTF8*$!
{
	archiveVersion = 1;
	classes = {
	};
	objectVersion = 48;
	objects = {

/* Begin PBXBuildFile section */
		9B80B552203366C200ABCAE8 /* PlacingOrders.swift in Sources */ = {isa = PBXBuildFile; fileRef = 9B80B551203366C200ABCAE8 /* PlacingOrders.swift */; };
		9BD55619202A1BB600A7FEB9 /* main.swift in Sources */ = {isa = PBXBuildFile; fileRef = 9BD55618202A1BB600A7FEB9 /* main.swift */; };
		9BD55620202A1C9300A7FEB9 /* OrderDetails.swift in Sources */ = {isa = PBXBuildFile; fileRef = 9BD5561F202A1C9300A7FEB9 /* OrderDetails.swift */; };
		9BD55622202A1CCD00A7FEB9 /* Orders.swift in Sources */ = {isa = PBXBuildFile; fileRef = 9BD55621202A1CCD00A7FEB9 /* Orders.swift */; };
		9BD55624202A1D2600A7FEB9 /* ShippingInfo.swift in Sources */ = {isa = PBXBuildFile; fileRef = 9BD55623202A1D2600A7FEB9 /* ShippingInfo.swift */; };
		9BD55628202A1DB100A7FEB9 /* IUsers.swift in Sources */ = {isa = PBXBuildFile; fileRef = 9BD55627202A1DB100A7FEB9 /* IUsers.swift */; };
		9BD5562A202A1F3D00A7FEB9 /* Customer.swift in Sources */ = {isa = PBXBuildFile; fileRef = 9BD55629202A1F3D00A7FEB9 /* Customer.swift */; };
		9BD5562C202A20A200A7FEB9 /* Administrator.swift in Sources */ = {isa = PBXBuildFile; fileRef = 9BD5562B202A20A200A7FEB9 /* Administrator.swift */; };
/* End PBXBuildFile section */

/* Begin PBXCopyFilesBuildPhase section */
		9BD55613202A1BB600A7FEB9 /* CopyFiles */ = {
			isa = PBXCopyFilesBuildPhase;
			buildActionMask = 2147483647;
			dstPath = /usr/share/man/man1/;
			dstSubfolderSpec = 0;
			files = (
			);
			runOnlyForDeploymentPostprocessing = 1;
		};
/* End PBXCopyFilesBuildPhase section */

/* Begin PBXFileReference section */
		9B80B551203366C200ABCAE8 /* PlacingOrders.swift */ = {isa = PBXFileReference; lastKnownFileType = sourcecode.swift; path = PlacingOrders.swift; sourceTree = "<group>"; };
		9BD55615202A1BB600A7FEB9 /* final_project */ = {isa = PBXFileReference; explicitFileType = "compiled.mach-o.executable"; includeInIndex = 0; path = final_project; sourceTree = BUILT_PRODUCTS_DIR; };
		9BD55618202A1BB600A7FEB9 /* main.swift */ = {isa = PBXFileReference; lastKnownFileType = sourcecode.swift; path = main.swift; sourceTree = "<group>"; };
		9BD5561F202A1C9300A7FEB9 /* OrderDetails.swift */ = {isa = PBXFileReference; lastKnownFileType = sourcecode.swift; path = OrderDetails.swift; sourceTree = "<group>"; };
		9BD55621202A1CCD00A7FEB9 /* Orders.swift */ = {isa = PBXFileReference; lastKnownFileType = sourcecode.swift; path = Orders.swift; sourceTree = "<group>"; };
		9BD55623202A1D2600A7FEB9 /* ShippingInfo.swift */ = {isa = PBXFileReference; lastKnownFileType = sourcecode.swift; path = ShippingInfo.swift; sourceTree = "<group>"; };
		9BD55627202A1DB100A7FEB9 /* IUsers.swift */ = {isa = PBXFileReference; lastKnownFileType = sourcecode.swift; path = IUsers.swift; sourceTree = "<group>"; };
		9BD55629202A1F3D00A7FEB9 /* Customer.swift */ = {isa = PBXFileReference; lastKnownFileType = sourcecode.swift; path = Customer.swift; sourceTree = "<group>"; };
		9BD5562B202A20A200A7FEB9 /* Administrator.swift */ = {isa = PBXFileReference; lastKnownFileType = sourcecode.swift; path = Administrator.swift; sourceTree = "<group>"; };
/* End PBXFileReference section */

/* Begin PBXFrameworksBuildPhase section */
		9BD55612202A1BB600A7FEB9 /* Frameworks */ = {
			isa = PBXFrameworksBuildPhase;
			buildActionMask = 2147483647;
			files = (
			);
			runOnlyForDeploymentPostprocessing = 0;
		};
/* End PBXFrameworksBuildPhase section */

/* Begin PBXGroup section */
		9BD5560C202A1BB600A7FEB9 = {
			isa = PBXGroup;
			children = (
				9BD55617202A1BB600A7FEB9 /* final_project */,
				9BD55616202A1BB600A7FEB9 /* Products */,
			);
			sourceTree = "<group>";
		};
		9BD55616202A1BB600A7FEB9 /* Products */ = {
			isa = PBXGroup;
			children = (
				9BD55615202A1BB600A7FEB9 /* final_project */,
			);
			name = Products;
			sourceTree = "<group>";
		};
		9BD55617202A1BB600A7FEB9 /* final_project */ = {
			isa = PBXGroup;
			children = (
				9BD55618202A1BB600A7FEB9 /* main.swift */,
				9BD5561F202A1C9300A7FEB9 /* OrderDetails.swift */,
				9BD55621202A1CCD00A7FEB9 /* Orders.swift */,
				9BD55623202A1D2600A7FEB9 /* ShippingInfo.swift */,
				9BD55627202A1DB100A7FEB9 /* IUsers.swift */,
				9BD55629202A1F3D00A7FEB9 /* Customer.swift */,
				9BD5562B202A20A200A7FEB9 /* Administrator.swift */,
				9B80B551203366C200ABCAE8 /* PlacingOrders.swift */,
			);
			path = final_project;
			sourceTree = "<group>";
		};
/* End PBXGroup section */

/* Begin PBXNativeTarget section */
		9BD55614202A1BB600A7FEB9 /* final_project */ = {
			isa = PBXNativeTarget;
			buildConfigurationList = 9BD5561C202A1BB600A7FEB9 /* Build configuration list for PBXNativeTarget "final_project" */;
			buildPhases = (
				9BD55611202A1BB600A7FEB9 /* Sources */,
				9BD55612202A1BB600A7FEB9 /* Frameworks */,
				9BD55613202A1BB600A7FEB9 /* CopyFiles */,
			);
			buildRules = (
			);
			dependencies = (
			);
			name = final_project;
			productName = final_project;
			productReference = 9BD55615202A1BB600A7FEB9 /* final_project */;
			productType = "com.apple.product-type.tool";
		};
/* End PBXNativeTarget section */

/* Begin PBXProject section */
		9BD5560D202A1BB600A7FEB9 /* Project object */ = {
			isa = PBXProject;
			attributes = {
				LastSwiftUpdateCheck = 0920;
				LastUpgradeCheck = 0920;
				ORGANIZATIONNAME = MacStudent;
				TargetAttributes = {
					9BD55614202A1BB600A7FEB9 = {
						CreatedOnToolsVersion = 9.2;
						ProvisioningStyle = Automatic;
					};
				};
			};
			buildConfigurationList = 9BD55610202A1BB600A7FEB9 /* Build configuration list for PBXProject "final_project" */;
			compatibilityVersion = "Xcode 8.0";
			developmentRegion = en;
			hasScannedForEncodings = 0;
			knownRegions = (
				en,
			);
			mainGroup = 9BD5560C202A1BB600A7FEB9;
			productRefGroup = 9BD55616202A1BB600A7FEB9 /* Products */;
			projectDirPath = "";
			projectRoot = "";
			targets = (
				9BD55614202A1BB600A7FEB9 /* final_project */,
			);
		};
/* End PBXProject section */

/* Begin PBXSourcesBuildPhase section */
		9BD55611202A1BB600A7FEB9 /* Sources */ = {
			isa = PBXSourcesBuildPhase;
			buildActionMask = 2147483647;
			files = (
				9BD5562A202A1F3D00A7FEB9 /* Customer.swift in Sources */,
				9BD55622202A1CCD00A7FEB9 /* Orders.swift in Sources */,
				9BD55619202A1BB600A7FEB9 /* main.swift in Sources */,
				9B80B552203366C200ABCAE8 /* PlacingOrders.swift in Sources */,
				9BD55620202A1C9300A7FEB9 /* OrderDetails.swift in Sources */,
				9BD55628202A1DB100A7FEB9 /* IUsers.swift in Sources */,
				9BD55624202A1D2600A7FEB9 /* ShippingInfo.swift in Sources */,
				9BD5562C202A20A200A7FEB9 /* Administrator.swift in Sources */,
			);
			runOnlyForDeploymentPostprocessing = 0;
		};
/* End PBXSourcesBuildPhase section */

/* Begin XCBuildConfiguration section */
		9BD5561A202A1BB600A7FEB9 /* Debug */ = {
			isa = XCBuildConfiguration;
			buildSettings = {
				ALWAYS_SEARCH_USER_PATHS = NO;
				CLANG_ANALYZER_NONNULL = YES;
				CLANG_ANALYZER_NUMBER_OBJECT_CONVERSION = YES_AGGRESSIVE;
				CLANG_CXX_LANGUAGE_STANDARD = "gnu++14";
				CLANG_CXX_LIBRARY = "libc++";
				CLANG_ENABLE_MODULES = YES;
				CLANG_ENABLE_OBJC_ARC = YES;
				CLANG_WARN_BLOCK_CAPTURE_AUTORELEASING = YES;
				CLANG_WARN_BOOL_CONVERSION = YES;
				CLANG_WARN_COMMA = YES;
				CLANG_WARN_CONSTANT_CONVERSION = YES;
				CLANG_WARN_DIRECT_OBJC_ISA_USAGE = YES_ERROR;
				CLANG_WARN_DOCUMENTATION_COMMENTS = YES;
				CLANG_WARN_EMPTY_BODY = YES;
				CLANG_WARN_ENUM_CONVERSION = YES;
				CLANG_WARN_INFINITE_RECURSION = YES;
				CLANG_WARN_INT_CONVERSION = YES;
				CLANG_WARN_NON_LITERAL_NULL_CONVERSION = YES;
				CLANG_WARN_OBJC_LITERAL_CONVERSION = YES;
				CLANG_WARN_OBJC_ROOT_CLASS = YES_ERROR;
				CLANG_WARN_RANGE_LOOP_ANALYSIS = YES;
				CLANG_WARN_STRICT_PROTOTYPES = YES;
				CLANG_WARN_SUSPICIOUS_MOVE = YES;
				CLANG_WARN_UNGUARDED_AVAILABILITY = YES_AGGRESSIVE;
				CLANG_WARN_UNREACHABLE_CODE = YES;
				CLANG_WARN__DUPLICATE_METHOD_MATCH = YES;
				CODE_SIGN_IDENTITY = "-";
				COPY_PHASE_STRIP = NO;
				DEBUG_INFORMATION_FORMAT = dwarf;
				ENABLE_STRICT_OBJC_MSGSEND = YES;
				ENABLE_TESTABILITY = YES;
				GCC_C_LANGUAGE_STANDARD = gnu11;
				GCC_DYNAMIC_NO_PIC = NO;
				GCC_NO_COMMON_BLOCKS = YES;
				GCC_OPTIMIZATION_LEVEL = 0;
				GCC_PREPROCESSOR_DEFINITIONS = (
					"DEBUG=1",
					"$(inherited)",
				);
				GCC_WARN_64_TO_32_BIT_CONVERSION = YES;
				GCC_WARN_ABOUT_RETURN_TYPE = YES_ERROR;
				GCC_WARN_UNDECLARED_SELECTOR = YES;
				GCC_WARN_UNINITIALIZED_AUTOS = YES_AGGRESSIVE;
				GCC_WARN_UNUSED_FUNCTION = YES;
				GCC_WARN_UNUSED_VARIABLE = YES;
				MACOSX_DEPLOYMENT_TARGET = 10.13;
				MTL_ENABLE_DEBUG_INFO = YES;
				ONLY_ACTIVE_ARCH = YES;
				SDKROOT = macosx;
				SWIFT_ACTIVE_COMPILATION_CONDITIONS = DEBUG;
				SWIFT_OPTIMIZATION_LEVEL = "-Onone";
			};
			name = Debug;
		};
		9BD5561B202A1BB600A7FEB9 /* Release */ = {
			isa = XCBuildConfiguration;
			buildSettings = {
				ALWAYS_SEARCH_USER_PATHS = NO;
				CLANG_ANALYZER_NONNULL = YES;
				CLANG_ANALYZER_NUMBER_OBJECT_CONVERSION = YES_AGGRESSIVE;
				CLANG_CXX_LANGUAGE_STANDARD = "gnu++14";
				CLANG_CXX_LIBRARY = "libc++";
				CLANG_ENABLE_MODULES = YES;
				CLANG_ENABLE_OBJC_ARC = YES;
				CLANG_WARN_BLOCK_CAPTURE_AUTORELEASING = YES;
				CLANG_WARN_BOOL_CONVERSION = YES;
				CLANG_WARN_COMMA = YES;
				CLANG_WARN_CONSTANT_CONVERSION = YES;
				CLANG_WARN_DIRECT_OBJC_ISA_USAGE = YES_ERROR;
				CLANG_WARN_DOCUMENTATION_COMMENTS = YES;
				CLANG_WARN_EMPTY_BODY = YES;
				CLANG_WARN_ENUM_CONVERSION = YES;
				CLANG_WARN_INFINITE_RECURSION = YES;
				CLANG_WARN_INT_CONVERSION = YES;
				CLANG_WARN_NON_LITERAL_NULL_CONVERSION = YES;
				CLANG_WARN_OBJC_LITERAL_CONVERSION = YES;
				CLANG_WARN_OBJC_ROOT_CLASS = YES_ERROR;
				CLANG_WARN_RANGE_LOOP_ANALYSIS = YES;
				CLANG_WARN_STRICT_PROTOTYPES = YES;
				CLANG_WARN_SUSPICIOUS_MOVE = YES;
				CLANG_WARN_UNGUARDED_AVAILABILITY = YES_AGGRESSIVE;
				CLANG_WARN_UNREACHABLE_CODE = YES;
				CLANG_WARN__DUPLICATE_METHOD_MATCH = YES;
				CODE_SIGN_IDENTITY = "-";
				COPY_PHASE_STRIP = NO;
				DEBUG_INFORMATION_FORMAT = "dwarf-with-dsym";
				ENABLE_NS_ASSERTIONS = NO;
				ENABLE_STRICT_OBJC_MSGSEND = YES;
				GCC_C_LANGUAGE_STANDARD = gnu11;
				GCC_NO_COMMON_BLOCKS = YES;
				GCC_WARN_64_TO_32_BIT_CONVERSION = YES;
				GCC_WARN_ABOUT_RETURN_TYPE = YES_ERROR;
				GCC_WARN_UNDECLARED_SELECTOR = YES;
				GCC_WARN_UNINITIALIZED_AUTOS = YES_AGGRESSIVE;
				GCC_WARN_UNUSED_FUNCTION = YES;
				GCC_WARN_UNUSED_VARIABLE = YES;
				MACOSX_DEPLOYMENT_TARGET = 10.13;
				MTL_ENABLE_DEBUG_INFO = NO;
				SDKROOT = macosx;
				SWIFT_OPTIMIZATION_LEVEL = "-Owholemodule";
			};
			name = Release;
		};
		9BD5561D202A1BB600A7FEB9 /* Debug */ = {
			isa = XCBuildConfiguration;
			buildSettings = {
				CODE_SIGN_STYLE = Automatic;
				PRODUCT_NAME = "$(TARGET_NAME)";
				SWIFT_VERSION = 4.0;
			};
			name = Debug;
		};
		9BD5561E202A1BB600A7FEB9 /* Release */ = {
			isa = XCBuildConfiguration;
			buildSettings = {
				CODE_SIGN_STYLE = Automatic;
				PRODUCT_NAME = "$(TARGET_NAME)";
				SWIFT_VERSION = 4.0;
			};
			name = Release;
		};
/* End XCBuildConfiguration section */

/* Begin XCConfigurationList section */
		9BD55610202A1BB600A7FEB9 /* Build configuration list for PBXProject "final_project" */ = {
			isa = XCConfigurationList;
			buildConfigurations = (
				9BD5561A202A1BB600A7FEB9 /* Debug */,
				9BD5561B202A1BB600A7FEB9 /* Release */,
			);
			defaultConfigurationIsVisible = 0;
			defaultConfigurationName = Release;
		};
		9BD5561C202A1BB600A7FEB9 /* Build configuration list for PBXNativeTarget "final_project" */ = {
			isa = XCConfigurationList;
			buildConfigurations = (
				9BD5561D202A1BB600A7FEB9 /* Debug */,
				9BD5561E202A1BB600A7FEB9 /* Release */,
			);
			defaultConfigurationIsVisible = 0;
			defaultConfigurationName = Release;
		};
/* End XCConfigurationList section */
	};
	rootObject = 9BD5560D202A1BB600A7FEB9 /* Project object */;
}
